
Microsoft Visual Studio Solution File, Format Version 12.00
# Visual Studio Version 17
VisualStudioVersion = 17.3.32825.248
MinimumVisualStudioVersion = 10.0.40219.1
Project("{FAE04EC0-301F-11D3-BF4B-00C04F79EFBC}") = "Пианино", "Пианино\Пианино.csproj", "{09B3A666-D341-44B3-ACB2-C33E507DA210}"
EndProject
Global
	GlobalSection(SolutionConfigurationPlatforms) = preSolution
		Debug|Any CPU = Debug|Any CPU
		Release|Any CPU = Release|Any CPU
	EndGlobalSection
	GlobalSection(ProjectConfigurationPlatforms) = postSolution
		{09B3A666-D341-44B3-ACB2-C33E507DA210}.Debug|Any CPU.ActiveCfg = Debug|Any CPU
		{09B3A666-D341-44B3-ACB2-C33E507DA210}.Debug|Any CPU.Build.0 = Debug|Any CPU
		{09B3A666-D341-44B3-ACB2-C33E507DA210}.Release|Any CPU.ActiveCfg = Release|Any CPU
		{09B3A666-D341-44B3-ACB2-C33E507DA210}.Release|Any CPU.Build.0 = Release|Any CPU
	EndGlobalSection
	GlobalSection(SolutionProperties) = preSolution
		HideSolutionNode = FALSE
	EndGlobalSection
	GlobalSection(ExtensibilityGlobals) = postSolution
		SolutionGuid = {80AC8CD1-3051-4A6E-91E0-085BC63A9056}
	EndGlobalSection
EndGlobal
